{
  "name": "@fx-studio-ai/pipeline-orchestrator",
  "version": "8.20.0",
  "lockfileVersion": 3,
  "requires": true,
  "packages": {
    "": {
      "name": "@fx-studio-ai/pipeline-orchestrator",
      "version": "8.20.0",
      "bundleDependencies": [
        "langfuse",
        "langfuse-core",
        "mustache"
      ],
      "license": "SEE LICENSE IN LICENSE",
      "dependencies": {
        "langfuse": "3.38.4"
      },
      "bin": {
        "pipeline-orchestrator-validate-trace": "scripts/validate-trace.cjs"
      },
      "engines": {
        "node": ">=18.0.0"
      }
    },
    "node_modules/langfuse": {
      "version": "3.38.4",
      "inBundle": true,
      "license": "MIT",
      "dependencies": {
        "langfuse-core": "^3.38.4"
      },
      "engines": {
        "node": ">=18"
      }
    },
    "node_modules/langfuse-core": {
      "version": "3.38.20",
      "inBundle": true,
      "license": "MIT",
      "dependencies": {
        "mustache": "^4.2.0"
      },
      "engines": {
        "node": ">=18"
      }
    },
    "node_modules/mustache": {
      "version": "4.2.0",
      "inBundle": true,
      "license": "MIT",
      "bin": {
        "mustache": "bin/mustache"
      }
    }
  }
}
